version = 1
revision = 3
requires-python = ">=3.14"

[[package]]
name = "pdf-watermark-remover"
version = "0.1.0"
source = { virtual = "." }
dependencies = [
    { name = "pypdf" },
]

[package.metadata]
requires-dist = [{ name = "pypdf" }]

[[package]]
name = "pypdf"
version = "6.5.0"
source = { registry = "https://pypi.org/simple" }
sdist = { url = "https://files.pythonhosted.org/packages/4d/9b/db1056a54eda8cd44f9e5128e87e1142cb328295dad92bbec0d39f251641/pypdf-6.5.0.tar.gz", hash = "sha256:9e78950906380ae4f2ce1d9039e9008098ba6366a4d9c7423c4bdbd6e6683404", size = 5277655, upload-time = "2025-12-21T11:07:19.876Z" }
wheels = [
    { url = "https://files.pythonhosted.org/packages/de/db/f2e7703791a1f32532618b82789ddddb7173b9e22d97e34cc11950d8e330/pypdf-6.5.0-py3-none-any.whl", hash = "sha256:9cef8002aaedeecf648dfd9ff1ce38f20ae8d88e2534fced6630038906440b25", size = 329560, upload-time = "2025-12-21T11:07:18.173Z" },
]
